
Microsoft Visual Studio Solution File, Format Version 12.00
# Visual Studio Version 16
VisualStudioVersion = 16.0.32802.440
MinimumVisualStudioVersion = 10.0.40219.1
Project("{FAE04EC0-301F-11D3-BF4B-00C04F79EFBC}") = "MiniProject", "MiniProject.csproj", "{0E7EFC6D-DA22-42C4-86CF-E29342396A7E}"
EndProject
Global
	GlobalSection(SolutionConfigurationPlatforms) = preSolution
		Debug|Any CPU = Debug|Any CPU
		Release|Any CPU = Release|Any CPU
	EndGlobalSection
	GlobalSection(ProjectConfigurationPlatforms) = postSolution
		{0E7EFC6D-DA22-42C4-86CF-E29342396A7E}.Debug|Any CPU.ActiveCfg = Debug|Any CPU
		{0E7EFC6D-DA22-42C4-86CF-E29342396A7E}.Debug|Any CPU.Build.0 = Debug|Any CPU
		{0E7EFC6D-DA22-42C4-86CF-E29342396A7E}.Release|Any CPU.ActiveCfg = Release|Any CPU
		{0E7EFC6D-DA22-42C4-86CF-E29342396A7E}.Release|Any CPU.Build.0 = Release|Any CPU
	EndGlobalSection
	GlobalSection(SolutionProperties) = preSolution
		HideSolutionNode = FALSE
	EndGlobalSection
	GlobalSection(ExtensibilityGlobals) = postSolution
		SolutionGuid = {1076A611-F69E-4351-924F-612AEC541030}
	EndGlobalSection
EndGlobal
